
Microsoft Visual Studio Solution File, Format Version 12.00
# Visual Studio Version 17
VisualStudioVersion = 17.2.32616.157
MinimumVisualStudioVersion = 10.0.40219.1
Project("{FAE04EC0-301F-11D3-BF4B-00C04F79EFBC}") = "MirrorLink.API", "MirrorLink.API\MirrorLink.API.csproj", "{8197B7F0-36CC-42DC-B7E6-EF0D5F24FED8}"
EndProject
Global
	GlobalSection(SolutionConfigurationPlatforms) = preSolution
		Debug|Any CPU = Debug|Any CPU
		Release|Any CPU = Release|Any CPU
	EndGlobalSection
	GlobalSection(ProjectConfigurationPlatforms) = postSolution
		{8197B7F0-36CC-42DC-B7E6-EF0D5F24FED8}.Debug|Any CPU.ActiveCfg = Debug|Any CPU
		{8197B7F0-36CC-42DC-B7E6-EF0D5F24FED8}.Debug|Any CPU.Build.0 = Debug|Any CPU
		{8197B7F0-36CC-42DC-B7E6-EF0D5F24FED8}.Release|Any CPU.ActiveCfg = Release|Any CPU
		{8197B7F0-36CC-42DC-B7E6-EF0D5F24FED8}.Release|Any CPU.Build.0 = Release|Any CPU
	EndGlobalSection
	GlobalSection(SolutionProperties) = preSolution
		HideSolutionNode = FALSE
	EndGlobalSection
	GlobalSection(ExtensibilityGlobals) = postSolution
		SolutionGuid = {174775B4-AFF7-407A-97BC-5E0FAF1CBF23}
	EndGlobalSection
EndGlobal
